PODS:
  - Eureka (4.1.1)
  - FBSnapshotTestCase (2.1.4):
    - FBSnapshotTestCase/SwiftSupport (= 2.1.4)
  - FBSnapshotTestCase/Core (2.1.4)
  - FBSnapshotTestCase/SwiftSupport (2.1.4):
    - FBSnapshotTestCase/Core
  - iOSSnapshotTestCase (3.0.0):
    - iOSSnapshotTestCase/SwiftSupport (= 3.0.0)
  - iOSSnapshotTestCase/Core (3.0.0)
  - iOSSnapshotTestCase/SwiftSupport (3.0.0):
    - iOSSnapshotTestCase/Core
  - Nimble (7.1.1)
  - Nimble-Snapshots (6.6.0):
    - Nimble-Snapshots/Core (= 6.6.0)
  - Nimble-Snapshots/Core (6.6.0):
    - iOSSnapshotTestCase (~> 3.0)
    - Nimble (~> 7.0)
  - Quick (1.2.0)
  - ReactiveCocoa (7.2.0):
    - ReactiveSwift (~> 3.1)
  - ReactiveEureka (0.1.2):
    - Eureka (~> 4)
    - ReactiveCocoa (~> 7)
  - ReactiveSwift (3.1.0):
    - Result (~> 3.2)
  - Result (3.2.4)

DEPENDENCIES:
  - FBSnapshotTestCase
  - Nimble (~> 7)
  - Nimble-Snapshots
  - Quick (~> 1)
  - ReactiveEureka (from `../`)

EXTERNAL SOURCES:
  ReactiveEureka:
    :path: ../

SPEC CHECKSUMS:
  Eureka: b88fb930e42c79f8c03c373d0fcdc28c1d6c50ed
  FBSnapshotTestCase: 094f9f314decbabe373b87cc339bea235a63e07a
  iOSSnapshotTestCase: 23984ffe05289728d646cbb6a7a10b4fb1c93440
  Nimble: 391f07782af4b37914f9bd7b2ffbb952731b8202
  Nimble-Snapshots: 33e94958e964dd5751dd387bc3204e43fe7b5d7b
  Quick: 58d203b1c5e27fff7229c4c1ae445ad7069a7a08
  ReactiveCocoa: 476dae7ca790f40d30d186a1bd7ebae4290395d5
  ReactiveEureka: 98be35f43fba5d5cce0284134ee127d37164c4cc
  ReactiveSwift: 5b26d2e988fe0eed2daf48c4054d1de74db50184
  Result: d2d07204ce72856f1fd9130bbe42c35a7b0fea10

PODFILE CHECKSUM: f49de7a4e3e6e14a55814f49bc43ab4560734b11

COCOAPODS: 1.4.0
